
Microsoft Visual Studio Solution File, Format Version 12.00
# Visual Studio Version 16
VisualStudioVersion = 16.0.29409.12
MinimumVisualStudioVersion = 10.0.40219.1
Project("{FAE04EC0-301F-11D3-BF4B-00C04F79EFBC}") = "AOI_Based_Application", "AOI_Based_Application\AOI_Based_Application.csproj", "{D6A28DB1-E63F-4EAC-9BD9-2FFCEC161CE4}"
EndProject
Global
	GlobalSection(SolutionConfigurationPlatforms) = preSolution
		Debug|Any CPU = Debug|Any CPU
		Release|Any CPU = Release|Any CPU
	EndGlobalSection
	GlobalSection(ProjectConfigurationPlatforms) = postSolution
		{D6A28DB1-E63F-4EAC-9BD9-2FFCEC161CE4}.Debug|Any CPU.ActiveCfg = Debug|Any CPU
		{D6A28DB1-E63F-4EAC-9BD9-2FFCEC161CE4}.Debug|Any CPU.Build.0 = Debug|Any CPU
		{D6A28DB1-E63F-4EAC-9BD9-2FFCEC161CE4}.Release|Any CPU.ActiveCfg = Release|Any CPU
		{D6A28DB1-E63F-4EAC-9BD9-2FFCEC161CE4}.Release|Any CPU.Build.0 = Release|Any CPU
	EndGlobalSection
	GlobalSection(SolutionProperties) = preSolution
		HideSolutionNode = FALSE
	EndGlobalSection
	GlobalSection(ExtensibilityGlobals) = postSolution
		SolutionGuid = {EFCD0480-DFE1-4830-A5FF-A33D68C75C60}
	EndGlobalSection
EndGlobal
